
Microsoft Visual Studio Solution File, Format Version 12.00
# Visual Studio Version 17
VisualStudioVersion = 17.14.36705.20 d17.14
MinimumVisualStudioVersion = 10.0.40219.1
Project("{FAE04EC0-301F-11D3-BF4B-00C04F79EFBC}") = "Variant5Arrays", "Variant5Arrays.csproj", "{BBA53D67-C1EA-4209-A012-FF16C9839123}"
EndProject
Global
	GlobalSection(SolutionConfigurationPlatforms) = preSolution
		Debug|Any CPU = Debug|Any CPU
		Release|Any CPU = Release|Any CPU
	EndGlobalSection
	GlobalSection(ProjectConfigurationPlatforms) = postSolution
		{BBA53D67-C1EA-4209-A012-FF16C9839123}.Debug|Any CPU.ActiveCfg = Debug|Any CPU
		{BBA53D67-C1EA-4209-A012-FF16C9839123}.Debug|Any CPU.Build.0 = Debug|Any CPU
		{BBA53D67-C1EA-4209-A012-FF16C9839123}.Release|Any CPU.ActiveCfg = Release|Any CPU
		{BBA53D67-C1EA-4209-A012-FF16C9839123}.Release|Any CPU.Build.0 = Release|Any CPU
	EndGlobalSection
	GlobalSection(SolutionProperties) = preSolution
		HideSolutionNode = FALSE
	EndGlobalSection
	GlobalSection(ExtensibilityGlobals) = postSolution
		SolutionGuid = {A1E23FDF-85DD-44DB-A5D5-9A9A08595166}
	EndGlobalSection
EndGlobal
